// !$*UTF8*$!
{
	archiveVersion = 1;
	classes = {
	};
	objectVersion = 46;
	objects = {

/* Begin PBXBuildFile section */
		08A430FC1EA44BC5003CA06C /* main.m in Sources */ = {isa = PBXBuildFile; fileRef = 08A430FB1EA44BC5003CA06C /* main.m */; };
		08A430FF1EA44BC5003CA06C /* AppDelegate.m in Sources */ = {isa = PBXBuildFile; fileRef = 08A430FE1EA44BC5003CA06C /* AppDelegate.m */; };
		08A431021EA44BC5003CA06C /* ViewController.m in Sources */ = {isa = PBXBuildFile; fileRef = 08A431011EA44BC5003CA06C /* ViewController.m */; };
		08A431051EA44BC5003CA06C /* Main.storyboard in Resources */ = {isa = PBXBuildFile; fileRef = 08A431031EA44BC5003CA06C /* Main.storyboard */; };
		08A431071EA44BC5003CA06C /* Assets.xcassets in Resources */ = {isa = PBXBuildFile; fileRef = 08A431061EA44BC5003CA06C /* Assets.xcassets */; };
		08A4310A1EA44BC5003CA06C /* LaunchScreen.storyboard in Resources */ = {isa = PBXBuildFile; fileRef = 08A431081EA44BC5003CA06C /* LaunchScreen.storyboard */; };
		08A431151EA44BC5003CA06C /* GetAddressBookDemoTests.m in Sources */ = {isa = PBXBuildFile; fileRef = 08A431141EA44BC5003CA06C /* GetAddressBookDemoTests.m */; };
		08A431201EA44BC5003CA06C /* GetAddressBookDemoUITests.m in Sources */ = {isa = PBXBuildFile; fileRef = 08A4311F1EA44BC5003CA06C /* GetAddressBookDemoUITests.m */; };
		08A4312F1EA4574A003CA06C /* CustomAddressBookVC.m in Sources */ = {isa = PBXBuildFile; fileRef = 08A4312E1EA4574A003CA06C /* CustomAddressBookVC.m */; };
		08A431311EA459DC003CA06C /* AddressBook.framework in Frameworks */ = {isa = PBXBuildFile; fileRef = 08A431301EA459DC003CA06C /* AddressBook.framework */; };
		08A431331EA459E4003CA06C /* Contacts.framework in Frameworks */ = {isa = PBXBuildFile; fileRef = 08A431321EA459E4003CA06C /* Contacts.framework */; };
		08A431351EA459EB003CA06C /* ContactsUI.framework in Frameworks */ = {isa = PBXBuildFile; fileRef = 08A431341EA459EB003CA06C /* ContactsUI.framework */; };
		08A431391EA4B10A003CA06C /* AddressBookVC.m in Sources */ = {isa = PBXBuildFile; fileRef = 08A431381EA4B10A003CA06C /* AddressBookVC.m */; };
		08A4313B1EA4B283003CA06C /* AddressBookUI.framework in Frameworks */ = {isa = PBXBuildFile; fileRef = 08A4313A1EA4B283003CA06C /* AddressBookUI.framework */; };
		2989AC4E2ADCCBB9EFA75285 /* libPods-GetAddressBookDemo.a in Frameworks */ = {isa = PBXBuildFile; fileRef = 3AB7C8838C331169F3EB32D6 /* libPods-GetAddressBookDemo.a */; };
/* End PBXBuildFile section */

/* Begin PBXContainerItemProxy section */
		08A431111EA44BC5003CA06C /* PBXContainerItemProxy */ = {
			isa = PBXContainerItemProxy;
			containerPortal = 08A430EF1EA44BC5003CA06C /* Project object */;
			proxyType = 1;
			remoteGlobalIDString = 08A430F61EA44BC5003CA06C;
			remoteInfo = GetAddressBookDemo;
		};
		08A4311C1EA44BC5003CA06C /* PBXContainerItemProxy */ = {
			isa = PBXContainerItemProxy;
			containerPortal = 08A430EF1EA44BC5003CA06C /* Project object */;
			proxyType = 1;
			remoteGlobalIDString = 08A430F61EA44BC5003CA06C;
			remoteInfo = GetAddressBookDemo;
		};
/* End PBXContainerItemProxy section */

/* Begin PBXFileReference section */
		08A430F71EA44BC5003CA06C /* GetAddressBookDemo.app */ = {isa = PBXFileReference; explicitFileType = wrapper.application; includeInIndex = 0; path = GetAddressBookDemo.app; sourceTree = BUILT_PRODUCTS_DIR; };
		08A430FB1EA44BC5003CA06C /* main.m */ = {isa = PBXFileReference; lastKnownFileType = sourcecode.c.objc; path = main.m; sourceTree = "<group>"; };
		08A430FD1EA44BC5003CA06C /* AppDelegate.h */ = {isa = PBXFileReference; lastKnownFileType = sourcecode.c.h; path = AppDelegate.h; sourceTree = "<group>"; };
		08A430FE1EA44BC5003CA06C /* AppDelegate.m */ = {isa = PBXFileReference; lastKnownFileType = sourcecode.c.objc; path = AppDelegate.m; sourceTree = "<group>"; };
		08A431001EA44BC5003CA06C /* ViewController.h */ = {isa = PBXFileReference; lastKnownFileType = sourcecode.c.h; path = ViewController.h; sourceTree = "<group>"; };
		08A431011EA44BC5003CA06C /* ViewController.m */ = {isa = PBXFileReference; lastKnownFileType = sourcecode.c.objc; path = ViewController.m; sourceTree = "<group>"; };
		08A431041EA44BC5003CA06C /* Base */ = {isa = PBXFileReference; lastKnownFileType = file.storyboard; name = Base; path = Base.lproj/Main.storyboard; sourceTree = "<group>"; };
		08A431061EA44BC5003CA06C /* Assets.xcassets */ = {isa = PBXFileReference; lastKnownFileType = folder.assetcatalog; path = Assets.xcassets; sourceTree = "<group>"; };
		08A431091EA44BC5003CA06C /* Base */ = {isa = PBXFileReference; lastKnownFileType = file.storyboard; name = Base; path = Base.lproj/LaunchScreen.storyboard; sourceTree = "<group>"; };
		08A4310B1EA44BC5003CA06C /* Info.plist */ = {isa = PBXFileReference; lastKnownFileType = text.plist.xml; path = Info.plist; sourceTree = "<group>"; };
		08A431101EA44BC5003CA06C /* GetAddressBookDemoTests.xctest */ = {isa = PBXFileReference; explicitFileType = wrapper.cfbundle; includeInIndex = 0; path = GetAddressBookDemoTests.xctest; sourceTree = BUILT_PRODUCTS_DIR; };
		08A431141EA44BC5003CA06C /* GetAddressBookDemoTests.m */ = {isa = PBXFileReference; lastKnownFileType = sourcecode.c.objc; path = GetAddressBookDemoTests.m; sourceTree = "<group>"; };
		08A431161EA44BC5003CA06C /* Info.plist */ = {isa = PBXFileReference; lastKnownFileType = text.plist.xml; path = Info.plist; sourceTree = "<group>"; };
		08A4311B1EA44BC5003CA06C /* GetAddressBookDemoUITests.xctest */ = {isa = PBXFileReference; explicitFileType = wrapper.cfbundle; includeInIndex = 0; path = GetAddressBookDemoUITests.xctest; sourceTree = BUILT_PRODUCTS_DIR; };
		08A4311F1EA44BC5003CA06C /* GetAddressBookDemoUITests.m */ = {isa = PBXFileReference; lastKnownFileType = sourcecode.c.objc; path = GetAddressBookDemoUITests.m; sourceTree = "<group>"; };
		08A431211EA44BC5003CA06C /* Info.plist */ = {isa = PBXFileReference; lastKnownFileType = text.plist.xml; path = Info.plist; sourceTree = "<group>"; };
		08A4312D1EA4574A003CA06C /* CustomAddressBookVC.h */ = {isa = PBXFileReference; fileEncoding = 4; lastKnownFileType = sourcecode.c.h; path = CustomAddressBookVC.h; sourceTree = "<group>"; };
		08A4312E1EA4574A003CA06C /* CustomAddressBookVC.m */ = {isa = PBXFileReference; fileEncoding = 4; lastKnownFileType = sourcecode.c.objc; path = CustomAddressBookVC.m; sourceTree = "<group>"; };
		08A431301EA459DC003CA06C /* AddressBook.framework */ = {isa = PBXFileReference; lastKnownFileType = wrapper.framework; name = AddressBook.framework; path = System/Library/Frameworks/AddressBook.framework; sourceTree = SDKROOT; };
		08A431321EA459E4003CA06C /* Contacts.framework */ = {isa = PBXFileReference; lastKnownFileType = wrapper.framework; name = Contacts.framework; path = System/Library/Frameworks/Contacts.framework; sourceTree = SDKROOT; };
		08A431341EA459EB003CA06C /* ContactsUI.framework */ = {isa = PBXFileReference; lastKnownFileType = wrapper.framework; name = ContactsUI.framework; path = System/Library/Frameworks/ContactsUI.framework; sourceTree = SDKROOT; };
		08A431361EA45C2D003CA06C /* PrefixHeader.pch */ = {isa = PBXFileReference; lastKnownFileType = sourcecode.c.h; path = PrefixHeader.pch; sourceTree = "<group>"; };
		08A431371EA4B10A003CA06C /* AddressBookVC.h */ = {isa = PBXFileReference; fileEncoding = 4; lastKnownFileType = sourcecode.c.h; path = AddressBookVC.h; sourceTree = "<group>"; };
		08A431381EA4B10A003CA06C /* AddressBookVC.m */ = {isa = PBXFileReference; fileEncoding = 4; lastKnownFileType = sourcecode.c.objc; path = AddressBookVC.m; sourceTree = "<group>"; };
		08A4313A1EA4B283003CA06C /* AddressBookUI.framework */ = {isa = PBXFileReference; lastKnownFileType = wrapper.framework; name = AddressBookUI.framework; path = System/Library/Frameworks/AddressBookUI.framework; sourceTree = SDKROOT; };
		3AB7C8838C331169F3EB32D6 /* libPods-GetAddressBookDemo.a */ = {isa = PBXFileReference; explicitFileType = archive.ar; includeInIndex = 0; path = "libPods-GetAddressBookDemo.a"; sourceTree = BUILT_PRODUCTS_DIR; };
		B3ACE89B0105BE51B3F274D9 /* Pods-GetAddressBookDemo.release.xcconfig */ = {isa = PBXFileReference; includeInIndex = 1; lastKnownFileType = text.xcconfig; name = "Pods-GetAddressBookDemo.release.xcconfig"; path = "Pods/Target Support Files/Pods-GetAddressBookDemo/Pods-GetAddressBookDemo.release.xcconfig"; sourceTree = "<group>"; };
		F832A2432DC6C71F3118CF5B /* Pods-GetAddressBookDemo.debug.xcconfig */ = {isa = PBXFileReference; includeInIndex = 1; lastKnownFileType = text.xcconfig; name = "Pods-GetAddressBookDemo.debug.xcconfig"; path = "Pods/Target Support Files/Pods-GetAddressBookDemo/Pods-GetAddressBookDemo.debug.xcconfig"; sourceTree = "<group>"; };
/* End PBXFileReference section */

/* Begin PBXFrameworksBuildPhase section */
		08A430F41EA44BC5003CA06C /* Frameworks */ = {
			isa = PBXFrameworksBuildPhase;
			buildActionMask = 2147483647;
			files = (
				08A4313B1EA4B283003CA06C /* AddressBookUI.framework in Frameworks */,
				08A431351EA459EB003CA06C /* ContactsUI.framework in Frameworks */,
				08A431331EA459E4003CA06C /* Contacts.framework in Frameworks */,
				08A431311EA459DC003CA06C /* AddressBook.framework in Frameworks */,
				2989AC4E2ADCCBB9EFA75285 /* libPods-GetAddressBookDemo.a in Frameworks */,
			);
			runOnlyForDeploymentPostprocessing = 0;
		};
		08A4310D1EA44BC5003CA06C /* Frameworks */ = {
			isa = PBXFrameworksBuildPhase;
			buildActionMask = 2147483647;
			files = (
			);
			runOnlyForDeploymentPostprocessing = 0;
		};
		08A431181EA44BC5003CA06C /* Frameworks */ = {
			isa = PBXFrameworksBuildPhase;
			buildActionMask = 2147483647;
			files = (
			);
			runOnlyForDeploymentPostprocessing = 0;
		};
/* End PBXFrameworksBuildPhase section */

/* Begin PBXGroup section */
		08A430EE1EA44BC5003CA06C = {
			isa = PBXGroup;
			children = (
				08A430F91EA44BC5003CA06C /* GetAddressBookDemo */,
				08A431131EA44BC5003CA06C /* GetAddressBookDemoTests */,
				08A4311E1EA44BC5003CA06C /* GetAddressBookDemoUITests */,
				08A430F81EA44BC5003CA06C /* Products */,
				72DAC38B25A633B729B8E190 /* Pods */,
				5441EF9FE622483E181F3BBC /* Frameworks */,
			);
			sourceTree = "<group>";
		};
		08A430F81EA44BC5003CA06C /* Products */ = {
			isa = PBXGroup;
			children = (
				08A430F71EA44BC5003CA06C /* GetAddressBookDemo.app */,
				08A431101EA44BC5003CA06C /* GetAddressBookDemoTests.xctest */,
				08A4311B1EA44BC5003CA06C /* GetAddressBookDemoUITests.xctest */,
			);
			name = Products;
			sourceTree = "<group>";
		};
		08A430F91EA44BC5003CA06C /* GetAddressBookDemo */ = {
			isa = PBXGroup;
			children = (
				08A430FD1EA44BC5003CA06C /* AppDelegate.h */,
				08A430FE1EA44BC5003CA06C /* AppDelegate.m */,
				08A431001EA44BC5003CA06C /* ViewController.h */,
				08A431011EA44BC5003CA06C /* ViewController.m */,
				08A4312D1EA4574A003CA06C /* CustomAddressBookVC.h */,
				08A4312E1EA4574A003CA06C /* CustomAddressBookVC.m */,
				08A431371EA4B10A003CA06C /* AddressBookVC.h */,
				08A431381EA4B10A003CA06C /* AddressBookVC.m */,
				08A431031EA44BC5003CA06C /* Main.storyboard */,
				08A431061EA44BC5003CA06C /* Assets.xcassets */,
				08A431081EA44BC5003CA06C /* LaunchScreen.storyboard */,
				08A4310B1EA44BC5003CA06C /* Info.plist */,
				08A430FA1EA44BC5003CA06C /* Supporting Files */,
			);
			path = GetAddressBookDemo;
			sourceTree = "<group>";
		};
		08A430FA1EA44BC5003CA06C /* Supporting Files */ = {
			isa = PBXGroup;
			children = (
				08A430FB1EA44BC5003CA06C /* main.m */,
				08A431361EA45C2D003CA06C /* PrefixHeader.pch */,
			);
			name = "Supporting Files";
			sourceTree = "<group>";
		};
		08A431131EA44BC5003CA06C /* GetAddressBookDemoTests */ = {
			isa = PBXGroup;
			children = (
				08A431141EA44BC5003CA06C /* GetAddressBookDemoTests.m */,
				08A431161EA44BC5003CA06C /* Info.plist */,
			);
			path = GetAddressBookDemoTests;
			sourceTree = "<group>";
		};
		08A4311E1EA44BC5003CA06C /* GetAddressBookDemoUITests */ = {
			isa = PBXGroup;
			children = (
				08A4311F1EA44BC5003CA06C /* GetAddressBookDemoUITests.m */,
				08A431211EA44BC5003CA06C /* Info.plist */,
			);
			path = GetAddressBookDemoUITests;
			sourceTree = "<group>";
		};
		5441EF9FE622483E181F3BBC /* Frameworks */ = {
			isa = PBXGroup;
			children = (
				08A4313A1EA4B283003CA06C /* AddressBookUI.framework */,
				08A431341EA459EB003CA06C /* ContactsUI.framework */,
				08A431321EA459E4003CA06C /* Contacts.framework */,
				08A431301EA459DC003CA06C /* AddressBook.framework */,
				3AB7C8838C331169F3EB32D6 /* libPods-GetAddressBookDemo.a */,
			);
			name = Frameworks;
			sourceTree = "<group>";
		};
		72DAC38B25A633B729B8E190 /* Pods */ = {
			isa = PBXGroup;
			children = (
				F832A2432DC6C71F3118CF5B /* Pods-GetAddressBookDemo.debug.xcconfig */,
				B3ACE89B0105BE51B3F274D9 /* Pods-GetAddressBookDemo.release.xcconfig */,
			);
			name = Pods;
			sourceTree = "<group>";
		};
/* End PBXGroup section */

/* Begin PBXNativeTarget section */
		08A430F61EA44BC5003CA06C /* GetAddressBookDemo */ = {
			isa = PBXNativeTarget;
			buildConfigurationList = 08A431241EA44BC5003CA06C /* Build configuration list for PBXNativeTarget "GetAddressBookDemo" */;
			buildPhases = (
				D6FF164E2FEF9FBA799B241C /* [CP] Check Pods Manifest.lock */,
				08A430F31EA44BC5003CA06C /* Sources */,
				08A430F41EA44BC5003CA06C /* Frameworks */,
				08A430F51EA44BC5003CA06C /* Resources */,
				874FF09614FF199888030C62 /* [CP] Embed Pods Frameworks */,
				B2384E8A5C49A3683AE21375 /* [CP] Copy Pods Resources */,
			);
			buildRules = (
			);
			dependencies = (
			);
			name = GetAddressBookDemo;
			productName = GetAddressBookDemo;
			productReference = 08A430F71EA44BC5003CA06C /* GetAddressBookDemo.app */;
			productType = "com.apple.product-type.application";
		};
		08A4310F1EA44BC5003CA06C /* GetAddressBookDemoTests */ = {
			isa = PBXNativeTarget;
			buildConfigurationList = 08A431271EA44BC5003CA06C /* Build configuration list for PBXNativeTarget "GetAddressBookDemoTests" */;
			buildPhases = (
				08A4310C1EA44BC5003CA06C /* Sources */,
				08A4310D1EA44BC5003CA06C /* Frameworks */,
				08A4310E1EA44BC5003CA06C /* Resources */,
			);
			buildRules = (
			);
			dependencies = (
				08A431121EA44BC5003CA06C /* PBXTargetDependency */,
			);
			name = GetAddressBookDemoTests;
			productName = GetAddressBookDemoTests;
			productReference = 08A431101EA44BC5003CA06C /* GetAddressBookDemoTests.xctest */;
			productType = "com.apple.product-type.bundle.unit-test";
		};
		08A4311A1EA44BC5003CA06C /* GetAddressBookDemoUITests */ = {
			isa = PBXNativeTarget;
			buildConfigurationList = 08A4312A1EA44BC5003CA06C /* Build configuration list for PBXNativeTarget "GetAddressBookDemoUITests" */;
			buildPhases = (
				08A431171EA44BC5003CA06C /* Sources */,
				08A431181EA44BC5003CA06C /* Frameworks */,
				08A431191EA44BC5003CA06C /* Resources */,
			);
			buildRules = (
			);
			dependencies = (
				08A4311D1EA44BC5003CA06C /* PBXTargetDependency */,
			);
			name = GetAddressBookDemoUITests;
			productName = GetAddressBookDemoUITests;
			productReference = 08A4311B1EA44BC5003CA06C /* GetAddressBookDemoUITests.xctest */;
			productType = "com.apple.product-type.bundle.ui-testing";
		};
/* End PBXNativeTarget section */

/* Begin PBXProject section */
		08A430EF1EA44BC5003CA06C /* Project object */ = {
			isa = PBXProject;
			attributes = {
				LastUpgradeCheck = 0820;
				ORGANIZATIONNAME = pzj;
				TargetAttributes = {
					08A430F61EA44BC5003CA06C = {
						CreatedOnToolsVersion = 8.2.1;
						DevelopmentTeam = Z8F736K8B3;
						ProvisioningStyle = Automatic;
					};
					08A4310F1EA44BC5003CA06C = {
						CreatedOnToolsVersion = 8.2.1;
						ProvisioningStyle = Automatic;
						TestTargetID = 08A430F61EA44BC5003CA06C;
					};
					08A4311A1EA44BC5003CA06C = {
						CreatedOnToolsVersion = 8.2.1;
						ProvisioningStyle = Automatic;
						TestTargetID = 08A430F61EA44BC5003CA06C;
					};
				};
			};
			buildConfigurationList = 08A430F21EA44BC5003CA06C /* Build configuration list for PBXProject "GetAddressBookDemo" */;
			compatibilityVersion = "Xcode 3.2";
			developmentRegion = English;
			hasScannedForEncodings = 0;
			knownRegions = (
				en,
				Base,
			);
			mainGroup = 08A430EE1EA44BC5003CA06C;
			productRefGroup = 08A430F81EA44BC5003CA06C /* Products */;
			projectDirPath = "";
			projectRoot = "";
			targets = (
				08A430F61EA44BC5003CA06C /* GetAddressBookDemo */,
				08A4310F1EA44BC5003CA06C /* GetAddressBookDemoTests */,
				08A4311A1EA44BC5003CA06C /* GetAddressBookDemoUITests */,
			);
		};
/* End PBXProject section */

/* Begin PBXResourcesBuildPhase section */
		08A430F51EA44BC5003CA06C /* Resources */ = {
			isa = PBXResourcesBuildPhase;
			buildActionMask = 2147483647;
			files = (
				08A4310A1EA44BC5003CA06C /* LaunchScreen.storyboard in Resources */,
				08A431071EA44BC5003CA06C /* Assets.xcassets in Resources */,
				08A431051EA44BC5003CA06C /* Main.storyboard in Resources */,
			);
			runOnlyForDeploymentPostprocessing = 0;
		};
		08A4310E1EA44BC5003CA06C /* Resources */ = {
			isa = PBXResourcesBuildPhase;
			buildActionMask = 2147483647;
			files = (
			);
			runOnlyForDeploymentPostprocessing = 0;
		};
		08A431191EA44BC5003CA06C /* Resources */ = {
			isa = PBXResourcesBuildPhase;
			buildActionMask = 2147483647;
			files = (
			);
			runOnlyForDeploymentPostprocessing = 0;
		};
/* End PBXResourcesBuildPhase section */

/* Begin PBXShellScriptBuildPhase section */
		874FF09614FF199888030C62 /* [CP] Embed Pods Frameworks */ = {
			isa = PBXShellScriptBuildPhase;
			buildActionMask = 2147483647;
			files = (
			);
			inputPaths = (
			);
			name = "[CP] Embed Pods Frameworks";
			outputPaths = (
			);
			runOnlyForDeploymentPostprocessing = 0;
			shellPath = /bin/sh;
			shellScript = "\"${SRCROOT}/Pods/Target Support Files/Pods-GetAddressBookDemo/Pods-GetAddressBookDemo-frameworks.sh\"\n";
			showEnvVarsInLog = 0;
		};
		B2384E8A5C49A3683AE21375 /* [CP] Copy Pods Resources */ = {
			isa = PBXShellScriptBuildPhase;
			buildActionMask = 2147483647;
			files = (
			);
			inputPaths = (
			);
			name = "[CP] Copy Pods Resources";
			outputPaths = (
			);
			runOnlyForDeploymentPostprocessing = 0;
			shellPath = /bin/sh;
			shellScript = "\"${SRCROOT}/Pods/Target Support Files/Pods-GetAddressBookDemo/Pods-GetAddressBookDemo-resources.sh\"\n";
			showEnvVarsInLog = 0;
		};
		D6FF164E2FEF9FBA799B241C /* [CP] Check Pods Manifest.lock */ = {
			isa = PBXShellScriptBuildPhase;
			buildActionMask = 2147483647;
			files = (
			);
			inputPaths = (
			);
			name = "[CP] Check Pods Manifest.lock";
			outputPaths = (
			);
			runOnlyForDeploymentPostprocessing = 0;
			shellPath = /bin/sh;
			shellScript = "diff \"${PODS_ROOT}/../Podfile.lock\" \"${PODS_ROOT}/Manifest.lock\" > /dev/null\nif [ $? != 0 ] ; then\n    # print error to STDERR\n    echo \"error: The sandbox is not in sync with the Podfile.lock. Run 'pod install' or update your CocoaPods installation.\" >&2\n    exit 1\nfi\n";
			showEnvVarsInLog = 0;
		};
/* End PBXShellScriptBuildPhase section */

/* Begin PBXSourcesBuildPhase section */
		08A430F31EA44BC5003CA06C /* Sources */ = {
			isa = PBXSourcesBuildPhase;
			buildActionMask = 2147483647;
			files = (
				08A431021EA44BC5003CA06C /* ViewController.m in Sources */,
				08A4312F1EA4574A003CA06C /* CustomAddressBookVC.m in Sources */,
				08A431391EA4B10A003CA06C /* AddressBookVC.m in Sources */,
				08A430FF1EA44BC5003CA06C /* AppDelegate.m in Sources */,
				08A430FC1EA44BC5003CA06C /* main.m in Sources */,
			);
			runOnlyForDeploymentPostprocessing = 0;
		};
		08A4310C1EA44BC5003CA06C /* Sources */ = {
			isa = PBXSourcesBuildPhase;
			buildActionMask = 2147483647;
			files = (
				08A431151EA44BC5003CA06C /* GetAddressBookDemoTests.m in Sources */,
			);
			runOnlyForDeploymentPostprocessing = 0;
		};
		08A431171EA44BC5003CA06C /* Sources */ = {
			isa = PBXSourcesBuildPhase;
			buildActionMask = 2147483647;
			files = (
				08A431201EA44BC5003CA06C /* GetAddressBookDemoUITests.m in Sources */,
			);
			runOnlyForDeploymentPostprocessing = 0;
		};
/* End PBXSourcesBuildPhase section */

/* Begin PBXTargetDependency section */
		08A431121EA44BC5003CA06C /* PBXTargetDependency */ = {
			isa = PBXTargetDependency;
			target = 08A430F61EA44BC5003CA06C /* GetAddressBookDemo */;
			targetProxy = 08A431111EA44BC5003CA06C /* PBXContainerItemProxy */;
		};
		08A4311D1EA44BC5003CA06C /* PBXTargetDependency */ = {
			isa = PBXTargetDependency;
			target = 08A430F61EA44BC5003CA06C /* GetAddressBookDemo */;
			targetProxy = 08A4311C1EA44BC5003CA06C /* PBXContainerItemProxy */;
		};
/* End PBXTargetDependency section */

/* Begin PBXVariantGroup section */
		08A431031EA44BC5003CA06C /* Main.storyboard */ = {
			isa = PBXVariantGroup;
			children = (
				08A431041EA44BC5003CA06C /* Base */,
			);
			name = Main.storyboard;
			sourceTree = "<group>";
		};
		08A431081EA44BC5003CA06C /* LaunchScreen.storyboard */ = {
			isa = PBXVariantGroup;
			children = (
				08A431091EA44BC5003CA06C /* Base */,
			);
			name = LaunchScreen.storyboard;
			sourceTree = "<group>";
		};
/* End PBXVariantGroup section */

/* Begin XCBuildConfiguration section */
		08A431221EA44BC5003CA06C /* Debug */ = {
			isa = XCBuildConfiguration;
			buildSettings = {
				ALWAYS_SEARCH_USER_PATHS = NO;
				CLANG_ANALYZER_NONNULL = YES;
				CLANG_CXX_LANGUAGE_STANDARD = "gnu++0x";
				CLANG_CXX_LIBRARY = "libc++";
				CLANG_ENABLE_MODULES = YES;
				CLANG_ENABLE_OBJC_ARC = YES;
				CLANG_WARN_BOOL_CONVERSION = YES;
				CLANG_WARN_CONSTANT_CONVERSION = YES;
				CLANG_WARN_DIRECT_OBJC_ISA_USAGE = YES_ERROR;
				CLANG_WARN_DOCUMENTATION_COMMENTS = YES;
				CLANG_WARN_EMPTY_BODY = YES;
				CLANG_WARN_ENUM_CONVERSION = YES;
				CLANG_WARN_INFINITE_RECURSION = YES;
				CLANG_WARN_INT_CONVERSION = YES;
				CLANG_WARN_OBJC_ROOT_CLASS = YES_ERROR;
				CLANG_WARN_SUSPICIOUS_MOVE = YES;
				CLANG_WARN_UNREACHABLE_CODE = YES;
				CLANG_WARN__DUPLICATE_METHOD_MATCH = YES;
				"CODE_SIGN_IDENTITY[sdk=iphoneos*]" = "iPhone Developer";
				COPY_PHASE_STRIP = NO;
				DEBUG_INFORMATION_FORMAT = dwarf;
				ENABLE_STRICT_OBJC_MSGSEND = YES;
				ENABLE_TESTABILITY = YES;
				GCC_C_LANGUAGE_STANDARD = gnu99;
				GCC_DYNAMIC_NO_PIC = NO;
				GCC_NO_COMMON_BLOCKS = YES;
				GCC_OPTIMIZATION_LEVEL = 0;
				GCC_PREPROCESSOR_DEFINITIONS = (
					"DEBUG=1",
					"$(inherited)",
				);
				GCC_WARN_64_TO_32_BIT_CONVERSION = YES;
				GCC_WARN_ABOUT_RETURN_TYPE = YES_ERROR;
				GCC_WARN_UNDECLARED_SELECTOR = YES;
				GCC_WARN_UNINITIALIZED_AUTOS = YES_AGGRESSIVE;
				GCC_WARN_UNUSED_FUNCTION = YES;
				GCC_WARN_UNUSED_VARIABLE = YES;
				IPHONEOS_DEPLOYMENT_TARGET = 10.2;
				MTL_ENABLE_DEBUG_INFO = YES;
				ONLY_ACTIVE_ARCH = YES;
				SDKROOT = iphoneos;
			};
			name = Debug;
		};
		08A431231EA44BC5003CA06C /* Release */ = {
			isa = XCBuildConfiguration;
			buildSettings = {
				ALWAYS_SEARCH_USER_PATHS = NO;
				CLANG_ANALYZER_NONNULL = YES;
				CLANG_CXX_LANGUAGE_STANDARD = "gnu++0x";
				CLANG_CXX_LIBRARY = "libc++";
				CLANG_ENABLE_MODULES = YES;
				CLANG_ENABLE_OBJC_ARC = YES;
				CLANG_WARN_BOOL_CONVERSION = YES;
				CLANG_WARN_CONSTANT_CONVERSION = YES;
				CLANG_WARN_DIRECT_OBJC_ISA_USAGE = YES_ERROR;
				CLANG_WARN_DOCUMENTATION_COMMENTS = YES;
				CLANG_WARN_EMPTY_BODY = YES;
				CLANG_WARN_ENUM_CONVERSION = YES;
				CLANG_WARN_INFINITE_RECURSION = YES;
				CLANG_WARN_INT_CONVERSION = YES;
				CLANG_WARN_OBJC_ROOT_CLASS = YES_ERROR;
				CLANG_WARN_SUSPICIOUS_MOVE = YES;
				CLANG_WARN_UNREACHABLE_CODE = YES;
				CLANG_WARN__DUPLICATE_METHOD_MATCH = YES;
				"CODE_SIGN_IDENTITY[sdk=iphoneos*]" = "iPhone Developer";
				COPY_PHASE_STRIP = NO;
				DEBUG_INFORMATION_FORMAT = "dwarf-with-dsym";
				ENABLE_NS_ASSERTIONS = NO;
				ENABLE_STRICT_OBJC_MSGSEND = YES;
				GCC_C_LANGUAGE_STANDARD = gnu99;
				GCC_NO_COMMON_BLOCKS = YES;
				GCC_WARN_64_TO_32_BIT_CONVERSION = YES;
				GCC_WARN_ABOUT_RETURN_TYPE = YES_ERROR;
				GCC_WARN_UNDECLARED_SELECTOR = YES;
				GCC_WARN_UNINITIALIZED_AUTOS = YES_AGGRESSIVE;
				GCC_WARN_UNUSED_FUNCTION = YES;
				GCC_WARN_UNUSED_VARIABLE = YES;
				IPHONEOS_DEPLOYMENT_TARGET = 10.2;
				MTL_ENABLE_DEBUG_INFO = NO;
				SDKROOT = iphoneos;
				VALIDATE_PRODUCT = YES;
			};
			name = Release;
		};
		08A431251EA44BC5003CA06C /* Debug */ = {
			isa = XCBuildConfiguration;
			baseConfigurationReference = F832A2432DC6C71F3118CF5B /* Pods-GetAddressBookDemo.debug.xcconfig */;
			buildSettings = {
				ASSETCATALOG_COMPILER_APPICON_NAME = AppIcon;
				DEVELOPMENT_TEAM = Z8F736K8B3;
				GCC_PREFIX_HEADER = GetAddressBookDemo/PrefixHeader.pch;
				INFOPLIST_FILE = GetAddressBookDemo/Info.plist;
				IPHONEOS_DEPLOYMENT_TARGET = 8.0;
				LD_RUNPATH_SEARCH_PATHS = "$(inherited) @executable_path/Frameworks";
				PRODUCT_BUNDLE_IDENTIFIER = com.onlineFame.Pay;
				PRODUCT_NAME = "$(TARGET_NAME)";
			};
			name = Debug;
		};
		08A431261EA44BC5003CA06C /* Release */ = {
			isa = XCBuildConfiguration;
			baseConfigurationReference = B3ACE89B0105BE51B3F274D9 /* Pods-GetAddressBookDemo.release.xcconfig */;
			buildSettings = {
				ASSETCATALOG_COMPILER_APPICON_NAME = AppIcon;
				DEVELOPMENT_TEAM = Z8F736K8B3;
				GCC_PREFIX_HEADER = GetAddressBookDemo/PrefixHeader.pch;
				INFOPLIST_FILE = GetAddressBookDemo/Info.plist;
				IPHONEOS_DEPLOYMENT_TARGET = 8.0;
				LD_RUNPATH_SEARCH_PATHS = "$(inherited) @executable_path/Frameworks";
				PRODUCT_BUNDLE_IDENTIFIER = com.onlineFame.Pay;
				PRODUCT_NAME = "$(TARGET_NAME)";
			};
			name = Release;
		};
		08A431281EA44BC5003CA06C /* Debug */ = {
			isa = XCBuildConfiguration;
			buildSettings = {
				BUNDLE_LOADER = "$(TEST_HOST)";
				INFOPLIST_FILE = GetAddressBookDemoTests/Info.plist;
				LD_RUNPATH_SEARCH_PATHS = "$(inherited) @executable_path/Frameworks @loader_path/Frameworks";
				PRODUCT_BUNDLE_IDENTIFIER = sdyl.GetAddressBookDemoTests;
				PRODUCT_NAME = "$(TARGET_NAME)";
				TEST_HOST = "$(BUILT_PRODUCTS_DIR)/GetAddressBookDemo.app/GetAddressBookDemo";
			};
			name = Debug;
		};
		08A431291EA44BC5003CA06C /* Release */ = {
			isa = XCBuildConfiguration;
			buildSettings = {
				BUNDLE_LOADER = "$(TEST_HOST)";
				INFOPLIST_FILE = GetAddressBookDemoTests/Info.plist;
				LD_RUNPATH_SEARCH_PATHS = "$(inherited) @executable_path/Frameworks @loader_path/Frameworks";
				PRODUCT_BUNDLE_IDENTIFIER = sdyl.GetAddressBookDemoTests;
				PRODUCT_NAME = "$(TARGET_NAME)";
				TEST_HOST = "$(BUILT_PRODUCTS_DIR)/GetAddressBookDemo.app/GetAddressBookDemo";
			};
			name = Release;
		};
		08A4312B1EA44BC5003CA06C /* Debug */ = {
			isa = XCBuildConfiguration;
			buildSettings = {
				INFOPLIST_FILE = GetAddressBookDemoUITests/Info.plist;
				LD_RUNPATH_SEARCH_PATHS = "$(inherited) @executable_path/Frameworks @loader_path/Frameworks";
				PRODUCT_BUNDLE_IDENTIFIER = sdyl.GetAddressBookDemoUITests;
				PRODUCT_NAME = "$(TARGET_NAME)";
				TEST_TARGET_NAME = GetAddressBookDemo;
			};
			name = Debug;
		};
		08A4312C1EA44BC5003CA06C /* Release */ = {
			isa = XCBuildConfiguration;
			buildSettings = {
				INFOPLIST_FILE = GetAddressBookDemoUITests/Info.plist;
				LD_RUNPATH_SEARCH_PATHS = "$(inherited) @executable_path/Frameworks @loader_path/Frameworks";
				PRODUCT_BUNDLE_IDENTIFIER = sdyl.GetAddressBookDemoUITests;
				PRODUCT_NAME = "$(TARGET_NAME)";
				TEST_TARGET_NAME = GetAddressBookDemo;
			};
			name = Release;
		};
/* End XCBuildConfiguration section */

/* Begin XCConfigurationList section */
		08A430F21EA44BC5003CA06C /* Build configuration list for PBXProject "GetAddressBookDemo" */ = {
			isa = XCConfigurationList;
			buildConfigurations = (
				08A431221EA44BC5003CA06C /* Debug */,
				08A431231EA44BC5003CA06C /* Release */,
			);
			defaultConfigurationIsVisible = 0;
			defaultConfigurationName = Release;
		};
		08A431241EA44BC5003CA06C /* Build configuration list for PBXNativeTarget "GetAddressBookDemo" */ = {
			isa = XCConfigurationList;
			buildConfigurations = (
				08A431251EA44BC5003CA06C /* Debug */,
				08A431261EA44BC5003CA06C /* Release */,
			);
			defaultConfigurationIsVisible = 0;
			defaultConfigurationName = Release;
		};
		08A431271EA44BC5003CA06C /* Build configuration list for PBXNativeTarget "GetAddressBookDemoTests" */ = {
			isa = XCConfigurationList;
			buildConfigurations = (
				08A431281EA44BC5003CA06C /* Debug */,
				08A431291EA44BC5003CA06C /* Release */,
			);
			defaultConfigurationIsVisible = 0;
			defaultConfigurationName = Release;
		};
		08A4312A1EA44BC5003CA06C /* Build configuration list for PBXNativeTarget "GetAddressBookDemoUITests" */ = {
			isa = XCConfigurationList;
			buildConfigurations = (
				08A4312B1EA44BC5003CA06C /* Debug */,
				08A4312C1EA44BC5003CA06C /* Release */,
			);
			defaultConfigurationIsVisible = 0;
			defaultConfigurationName = Release;
		};
/* End XCConfigurationList section */
	};
	rootObject = 08A430EF1EA44BC5003CA06C /* Project object */;
}
